{
  "originHash" : "c50077fbe22c6f4e42e543c0103793a463e2c84fb382f101df06c7dd9efa5d44",
  "pins" : [
    {
      "identity" : "dd-sdk-ios",
      "kind" : "remoteSourceControl",
      "location" : "https://github.com/Datadog/dd-sdk-ios.git",
      "state" : {
        "revision" : "e49a8df4948ddc7c95ac568b5a7f75f95cb39d75",
        "version" : "2.22.0"
      }
    },
    {
      "identity" : "opentelemetry-swift-packages",
      "kind" : "remoteSourceControl",
      "location" : "https://github.com/DataDog/opentelemetry-swift-packages.git",
      "state" : {
        "revision" : "adcfc3d7fc6ad411bb576cfa4512c2d3f8b2dbc7",
        "version" : "1.6.0"
      }
    },
    {
      "identity" : "plcrashreporter",
      "kind" : "remoteSourceControl",
      "location" : "https://github.com/microsoft/plcrashreporter.git",
      "state" : {
        "revision" : "6752f71de206f6a53fa6a758c3660fd9a7fe7527",
        "version" : "1.11.2"
      }
    }
  ],
  "version" : 3
}
