// !$*UTF8*$!
{
	archiveVersion = 1;
	classes = {
	};
	objectVersion = 77;
	objects = {

/* Begin PBXBuildFile section */
		8907F2D72DB272E0004001B8 /* CurrywareLaunchScreen.storyboard in Resources */ = {isa = PBXBuildFile; fileRef = 8907F2D62DB272E0004001B8 /* CurrywareLaunchScreen.storyboard */; };
		8907F2D92DB278B0004001B8 /* GameInfo.swift in Sources */ = {isa = PBXBuildFile; fileRef = 8907F2D82DB278B0004001B8 /* GameInfo.swift */; };
		8934A8432A826B4600467E8D /* LeagueSettingList.swift in Sources */ = {isa = PBXBuildFile; fileRef = 8934A8422A826B4600467E8D /* LeagueSettingList.swift */; };
		8934A8472A827F1200467E8D /* SaleTaxEntryIdentifiable.swift in Sources */ = {isa = PBXBuildFile; fileRef = 8934A8462A827F1200467E8D /* SaleTaxEntryIdentifiable.swift */; };
		8934A8492A82824100467E8D /* SalesTaxListObservable.swift in Sources */ = {isa = PBXBuildFile; fileRef = 8934A8482A82824100467E8D /* SalesTaxListObservable.swift */; };
		8934A84C2A82931200467E8D /* DatadogCore in Frameworks */ = {isa = PBXBuildFile; productRef = 8934A84B2A82931200467E8D /* DatadogCore */; };
		8934A84E2A82931200467E8D /* DatadogCrashReporting in Frameworks */ = {isa = PBXBuildFile; productRef = 8934A84D2A82931200467E8D /* DatadogCrashReporting */; };
		8934A8502A82931200467E8D /* DatadogLogs in Frameworks */ = {isa = PBXBuildFile; productRef = 8934A84F2A82931200467E8D /* DatadogLogs */; };
		8934A8522A82931200467E8D /* DatadogRUM in Frameworks */ = {isa = PBXBuildFile; productRef = 8934A8512A82931200467E8D /* DatadogRUM */; };
		8934A8542A82931200467E8D /* DatadogSessionReplay in Frameworks */ = {isa = PBXBuildFile; productRef = 8934A8532A82931200467E8D /* DatadogSessionReplay */; };
		8934A8562A82931200467E8D /* DatadogTrace in Frameworks */ = {isa = PBXBuildFile; productRef = 8934A8552A82931200467E8D /* DatadogTrace */; };
		8934A8582A82931200467E8D /* DatadogWebViewTracking in Frameworks */ = {isa = PBXBuildFile; productRef = 8934A8572A82931200467E8D /* DatadogWebViewTracking */; };
		8934A85A2A82FE8800467E8D /* SalesTaxEntry.swift in Sources */ = {isa = PBXBuildFile; fileRef = 8934A8592A82FE8800467E8D /* SalesTaxEntry.swift */; };
		8934A85C2A83039D00467E8D /* SalesTaxList.swift in Sources */ = {isa = PBXBuildFile; fileRef = 8934A85B2A83039D00467E8D /* SalesTaxList.swift */; };
		89397C8C2A7F21E9008FC7A9 /* BundleHandler.swift in Sources */ = {isa = PBXBuildFile; fileRef = 89397C8B2A7F21E9008FC7A9 /* BundleHandler.swift */; };
		89397C8E2A7F2648008FC7A9 /* DatadogRumHandler.swift in Sources */ = {isa = PBXBuildFile; fileRef = 89397C8D2A7F2648008FC7A9 /* DatadogRumHandler.swift */; };
		893F714B2CC481CF006DCF28 /* WeatherView.swift in Sources */ = {isa = PBXBuildFile; fileRef = 893F714A2CC481CF006DCF28 /* WeatherView.swift */; };
		893F714D2CC4834E006DCF28 /* WeatherHandler.swift in Sources */ = {isa = PBXBuildFile; fileRef = 893F714C2CC4834E006DCF28 /* WeatherHandler.swift */; };
		8942B1462A83FDC50055993E /* DatabaseAPIView.swift in Sources */ = {isa = PBXBuildFile; fileRef = 8942B1452A83FDC50055993E /* DatabaseAPIView.swift */; };
		8967A84F2A81AF510088F42E /* DatabaseAPIHandler.swift in Sources */ = {isa = PBXBuildFile; fileRef = 8967A84E2A81AF510088F42E /* DatabaseAPIHandler.swift */; };
		8972974D2C7E47BD009937DC /* InitialContent.swift in Sources */ = {isa = PBXBuildFile; fileRef = 8972974C2C7E47BD009937DC /* InitialContent.swift */; };
		897CE7E02DC275D900380F42 /* GameInfoViewModel.swift in Sources */ = {isa = PBXBuildFile; fileRef = 897CE7DE2DC275D900380F42 /* GameInfoViewModel.swift */; };
		898052902DB9113B00CF1C54 /* LeagueSelectorView.swift in Sources */ = {isa = PBXBuildFile; fileRef = 8980528F2DB9113B00CF1C54 /* LeagueSelectorView.swift */; };
		89A7EBEC2A83D54000A04B07 /* LoggingHandler.swift in Sources */ = {isa = PBXBuildFile; fileRef = 89A7EBEB2A83D54000A04B07 /* LoggingHandler.swift */; };
		89F5010F2A7FC42B00887D92 /* AppDelegate.swift in Sources */ = {isa = PBXBuildFile; fileRef = 89F5010E2A7FC42B00887D92 /* AppDelegate.swift */; };
		89F5BFC72A7E89C900B3EEC7 /* CurrywareFFiOSApp.swift in Sources */ = {isa = PBXBuildFile; fileRef = 89F5BFC62A7E89C900B3EEC7 /* CurrywareFFiOSApp.swift */; };
		89F5BFCB2A7E89CA00B3EEC7 /* Assets.xcassets in Resources */ = {isa = PBXBuildFile; fileRef = 89F5BFCA2A7E89CA00B3EEC7 /* Assets.xcassets */; };
		89F5BFCE2A7E89CA00B3EEC7 /* Preview Assets.xcassets in Resources */ = {isa = PBXBuildFile; fileRef = 89F5BFCD2A7E89CA00B3EEC7 /* Preview Assets.xcassets */; };
		89F5BFD82A7E89CA00B3EEC7 /* CurrywareFFiOSTests.swift in Sources */ = {isa = PBXBuildFile; fileRef = 89F5BFD72A7E89CA00B3EEC7 /* CurrywareFFiOSTests.swift */; };
		89F5BFE22A7E89CA00B3EEC7 /* CurrywareFFiOSUITests.swift in Sources */ = {isa = PBXBuildFile; fileRef = 89F5BFE12A7E89CA00B3EEC7 /* CurrywareFFiOSUITests.swift */; };
		89F5BFE42A7E89CA00B3EEC7 /* CurrywareFFiOSUITestsLaunchTests.swift in Sources */ = {isa = PBXBuildFile; fileRef = 89F5BFE32A7E89CA00B3EEC7 /* CurrywareFFiOSUITestsLaunchTests.swift */; };
		89F5BFF22A7E89F800B3EEC7 /* LeagueSettingsView.swift in Sources */ = {isa = PBXBuildFile; fileRef = 89F5BFF12A7E89F800B3EEC7 /* LeagueSettingsView.swift */; };
		89F5C0032A7E931200B3EEC7 /* LeagueSetting.swift in Sources */ = {isa = PBXBuildFile; fileRef = 89F5C0022A7E931200B3EEC7 /* LeagueSetting.swift */; };
		89F5C0052A7E9BB700B3EEC7 /* LeagueSettingCardView.swift in Sources */ = {isa = PBXBuildFile; fileRef = 89F5C0042A7E9BB700B3EEC7 /* LeagueSettingCardView.swift */; };
		89F5C0082A7ED3C200B3EEC7 /* LeagueSelectionView.swift in Sources */ = {isa = PBXBuildFile; fileRef = 89F5C0072A7ED3C200B3EEC7 /* LeagueSelectionView.swift */; };
		89F5C00A2A7ED42A00B3EEC7 /* LeaguesList.swift in Sources */ = {isa = PBXBuildFile; fileRef = 89F5C0092A7ED42A00B3EEC7 /* LeaguesList.swift */; };
/* End PBXBuildFile section */

/* Begin PBXContainerItemProxy section */
		89F5BFD42A7E89CA00B3EEC7 /* PBXContainerItemProxy */ = {
			isa = PBXContainerItemProxy;
			containerPortal = 89F5BFBB2A7E89C900B3EEC7 /* Project object */;
			proxyType = 1;
			remoteGlobalIDString = 89F5BFC22A7E89C900B3EEC7;
			remoteInfo = CurrywareFFiOS;
		};
		89F5BFDE2A7E89CA00B3EEC7 /* PBXContainerItemProxy */ = {
			isa = PBXContainerItemProxy;
			containerPortal = 89F5BFBB2A7E89C900B3EEC7 /* Project object */;
			proxyType = 1;
			remoteGlobalIDString = 89F5BFC22A7E89C900B3EEC7;
			remoteInfo = CurrywareFFiOS;
		};
/* End PBXContainerItemProxy section */

/* Begin PBXFileReference section */
		8907F2D62DB272E0004001B8 /* CurrywareLaunchScreen.storyboard */ = {isa = PBXFileReference; lastKnownFileType = file.storyboard; name = CurrywareLaunchScreen.storyboard; path = CurrywareFFiOS/CurrywareLaunchScreen.storyboard; sourceTree = SOURCE_ROOT; };
		8907F2D82DB278B0004001B8 /* GameInfo.swift */ = {isa = PBXFileReference; lastKnownFileType = sourcecode.swift; path = GameInfo.swift; sourceTree = "<group>"; };
		8934A8422A826B4600467E8D /* LeagueSettingList.swift */ = {isa = PBXFileReference; lastKnownFileType = sourcecode.swift; path = LeagueSettingList.swift; sourceTree = "<group>"; };
		8934A8462A827F1200467E8D /* SaleTaxEntryIdentifiable.swift */ = {isa = PBXFileReference; lastKnownFileType = sourcecode.swift; path = SaleTaxEntryIdentifiable.swift; sourceTree = "<group>"; };
		8934A8482A82824100467E8D /* SalesTaxListObservable.swift */ = {isa = PBXFileReference; lastKnownFileType = sourcecode.swift; path = SalesTaxListObservable.swift; sourceTree = "<group>"; };
		8934A8592A82FE8800467E8D /* SalesTaxEntry.swift */ = {isa = PBXFileReference; lastKnownFileType = sourcecode.swift; path = SalesTaxEntry.swift; sourceTree = "<group>"; };
		8934A85B2A83039D00467E8D /* SalesTaxList.swift */ = {isa = PBXFileReference; lastKnownFileType = sourcecode.swift; path = SalesTaxList.swift; sourceTree = "<group>"; };
		89397C8B2A7F21E9008FC7A9 /* BundleHandler.swift */ = {isa = PBXFileReference; lastKnownFileType = sourcecode.swift; path = BundleHandler.swift; sourceTree = "<group>"; };
		89397C8D2A7F2648008FC7A9 /* DatadogRumHandler.swift */ = {isa = PBXFileReference; lastKnownFileType = sourcecode.swift; path = DatadogRumHandler.swift; sourceTree = "<group>"; };
		893F714A2CC481CF006DCF28 /* WeatherView.swift */ = {isa = PBXFileReference; lastKnownFileType = sourcecode.swift; path = WeatherView.swift; sourceTree = "<group>"; };
		893F714C2CC4834E006DCF28 /* WeatherHandler.swift */ = {isa = PBXFileReference; lastKnownFileType = sourcecode.swift; path = WeatherHandler.swift; sourceTree = "<group>"; };
		8942B1452A83FDC50055993E /* DatabaseAPIView.swift */ = {isa = PBXFileReference; lastKnownFileType = sourcecode.swift; path = DatabaseAPIView.swift; sourceTree = "<group>"; };
		8967A84E2A81AF510088F42E /* DatabaseAPIHandler.swift */ = {isa = PBXFileReference; lastKnownFileType = sourcecode.swift; path = DatabaseAPIHandler.swift; sourceTree = "<group>"; };
		897297452C7E45D8009937DC /* LeagueSettingCardView.swift */ = {isa = PBXFileReference; fileEncoding = 4; lastKnownFileType = sourcecode.swift; path = LeagueSettingCardView.swift; sourceTree = "<group>"; };
		8972974C2C7E47BD009937DC /* InitialContent.swift */ = {isa = PBXFileReference; lastKnownFileType = sourcecode.swift; path = InitialContent.swift; sourceTree = "<group>"; };
		897CE7DE2DC275D900380F42 /* GameInfoViewModel.swift */ = {isa = PBXFileReference; lastKnownFileType = sourcecode.swift; path = GameInfoViewModel.swift; sourceTree = "<group>"; };
		8980528F2DB9113B00CF1C54 /* LeagueSelectorView.swift */ = {isa = PBXFileReference; lastKnownFileType = sourcecode.swift; path = LeagueSelectorView.swift; sourceTree = "<group>"; };
		898A1E392CC9D8B20059078D /* .gitignore */ = {isa = PBXFileReference; lastKnownFileType = text; path = .gitignore; sourceTree = "<group>"; };
		89A7EBEB2A83D54000A04B07 /* LoggingHandler.swift */ = {isa = PBXFileReference; lastKnownFileType = sourcecode.swift; path = LoggingHandler.swift; sourceTree = "<group>"; };
		89B292162A86A7DB00A264E7 /* README.md */ = {isa = PBXFileReference; lastKnownFileType = net.daringfireball.markdown; path = README.md; sourceTree = "<group>"; };
		89F5010E2A7FC42B00887D92 /* AppDelegate.swift */ = {isa = PBXFileReference; lastKnownFileType = sourcecode.swift; path = AppDelegate.swift; sourceTree = "<group>"; };
		89F5BFC32A7E89C900B3EEC7 /* CurrywareFFiOS.app */ = {isa = PBXFileReference; explicitFileType = wrapper.application; includeInIndex = 0; path = CurrywareFFiOS.app; sourceTree = BUILT_PRODUCTS_DIR; };
		89F5BFC62A7E89C900B3EEC7 /* CurrywareFFiOSApp.swift */ = {isa = PBXFileReference; lastKnownFileType = sourcecode.swift; path = CurrywareFFiOSApp.swift; sourceTree = "<group>"; };
		89F5BFCA2A7E89CA00B3EEC7 /* Assets.xcassets */ = {isa = PBXFileReference; lastKnownFileType = folder.assetcatalog; path = Assets.xcassets; sourceTree = "<group>"; };
		89F5BFCD2A7E89CA00B3EEC7 /* Preview Assets.xcassets */ = {isa = PBXFileReference; lastKnownFileType = folder.assetcatalog; path = "Preview Assets.xcassets"; sourceTree = "<group>"; };
		89F5BFD32A7E89CA00B3EEC7 /* CurrywareFFiOSTests.xctest */ = {isa = PBXFileReference; explicitFileType = wrapper.cfbundle; includeInIndex = 0; path = CurrywareFFiOSTests.xctest; sourceTree = BUILT_PRODUCTS_DIR; };
		89F5BFD72A7E89CA00B3EEC7 /* CurrywareFFiOSTests.swift */ = {isa = PBXFileReference; lastKnownFileType = sourcecode.swift; path = CurrywareFFiOSTests.swift; sourceTree = "<group>"; };
		89F5BFDD2A7E89CA00B3EEC7 /* CurrywareFFiOSUITests.xctest */ = {isa = PBXFileReference; explicitFileType = wrapper.cfbundle; includeInIndex = 0; path = CurrywareFFiOSUITests.xctest; sourceTree = BUILT_PRODUCTS_DIR; };
		89F5BFE12A7E89CA00B3EEC7 /* CurrywareFFiOSUITests.swift */ = {isa = PBXFileReference; lastKnownFileType = sourcecode.swift; path = CurrywareFFiOSUITests.swift; sourceTree = "<group>"; };
		89F5BFE32A7E89CA00B3EEC7 /* CurrywareFFiOSUITestsLaunchTests.swift */ = {isa = PBXFileReference; lastKnownFileType = sourcecode.swift; path = CurrywareFFiOSUITestsLaunchTests.swift; sourceTree = "<group>"; };
		89F5BFF12A7E89F800B3EEC7 /* LeagueSettingsView.swift */ = {isa = PBXFileReference; lastKnownFileType = sourcecode.swift; path = LeagueSettingsView.swift; sourceTree = "<group>"; };
		89F5C0002A7E8E6100B3EEC7 /* secrets.xcconfig */ = {isa = PBXFileReference; lastKnownFileType = text.xcconfig; path = secrets.xcconfig; sourceTree = "<group>"; };
		89F5C0022A7E931200B3EEC7 /* LeagueSetting.swift */ = {isa = PBXFileReference; lastKnownFileType = sourcecode.swift; path = LeagueSetting.swift; sourceTree = "<group>"; };
		89F5C0042A7E9BB700B3EEC7 /* LeagueSettingCardView.swift */ = {isa = PBXFileReference; lastKnownFileType = sourcecode.swift; name = LeagueSettingCardView.swift; path = ../../Views/LeagueSettingCardView.swift; sourceTree = "<group>"; };
		89F5C0072A7ED3C200B3EEC7 /* LeagueSelectionView.swift */ = {isa = PBXFileReference; lastKnownFileType = sourcecode.swift; path = LeagueSelectionView.swift; sourceTree = "<group>"; };
		89F5C0092A7ED42A00B3EEC7 /* LeaguesList.swift */ = {isa = PBXFileReference; lastKnownFileType = sourcecode.swift; path = LeaguesList.swift; sourceTree = "<group>"; };
/* End PBXFileReference section */

/* Begin PBXFrameworksBuildPhase section */
		89F5BFC02A7E89C900B3EEC7 /* Frameworks */ = {
			isa = PBXFrameworksBuildPhase;
			buildActionMask = 2147483647;
			files = (
				8934A84E2A82931200467E8D /* DatadogCrashReporting in Frameworks */,
				8934A8502A82931200467E8D /* DatadogLogs in Frameworks */,
				8934A8582A82931200467E8D /* DatadogWebViewTracking in Frameworks */,
				8934A8522A82931200467E8D /* DatadogRUM in Frameworks */,
				8934A8562A82931200467E8D /* DatadogTrace in Frameworks */,
				8934A8542A82931200467E8D /* DatadogSessionReplay in Frameworks */,
				8934A84C2A82931200467E8D /* DatadogCore in Frameworks */,
			);
			runOnlyForDeploymentPostprocessing = 0;
		};
		89F5BFD02A7E89CA00B3EEC7 /* Frameworks */ = {
			isa = PBXFrameworksBuildPhase;
			buildActionMask = 2147483647;
			files = (
			);
			runOnlyForDeploymentPostprocessing = 0;
		};
		89F5BFDA2A7E89CA00B3EEC7 /* Frameworks */ = {
			isa = PBXFrameworksBuildPhase;
			buildActionMask = 2147483647;
			files = (
			);
			runOnlyForDeploymentPostprocessing = 0;
		};
/* End PBXFrameworksBuildPhase section */

/* Begin PBXGroup section */
		8934A8442A827ED000467E8D /* Database */ = {
			isa = PBXGroup;
			children = (
				89F5C0042A7E9BB700B3EEC7 /* LeagueSettingCardView.swift */,
				8934A8462A827F1200467E8D /* SaleTaxEntryIdentifiable.swift */,
				8934A8482A82824100467E8D /* SalesTaxListObservable.swift */,
				8934A8592A82FE8800467E8D /* SalesTaxEntry.swift */,
				8934A85B2A83039D00467E8D /* SalesTaxList.swift */,
			);
			path = Database;
			sourceTree = "<group>";
		};
		8934A8452A827EDD00467E8D /* League */ = {
			isa = PBXGroup;
			children = (
				89F5C0022A7E931200B3EEC7 /* LeagueSetting.swift */,
				89F5C0092A7ED42A00B3EEC7 /* LeaguesList.swift */,
				8934A8422A826B4600467E8D /* LeagueSettingList.swift */,
				8907F2D82DB278B0004001B8 /* GameInfo.swift */,
			);
			path = League;
			sourceTree = "<group>";
		};
		89397C8A2A7F21C6008FC7A9 /* Classes */ = {
			isa = PBXGroup;
			children = (
				89F5010E2A7FC42B00887D92 /* AppDelegate.swift */,
				89397C8B2A7F21E9008FC7A9 /* BundleHandler.swift */,
				89397C8D2A7F2648008FC7A9 /* DatadogRumHandler.swift */,
				8967A84E2A81AF510088F42E /* DatabaseAPIHandler.swift */,
				89A7EBEB2A83D54000A04B07 /* LoggingHandler.swift */,
				893F714C2CC4834E006DCF28 /* WeatherHandler.swift */,
			);
			path = Classes;
			sourceTree = "<group>";
		};
		897CE7DF2DC275D900380F42 /* ViewModels */ = {
			isa = PBXGroup;
			children = (
				897CE7DE2DC275D900380F42 /* GameInfoViewModel.swift */,
			);
			path = ViewModels;
			sourceTree = "<group>";
		};
		89F5BFBA2A7E89C900B3EEC7 = {
			isa = PBXGroup;
			children = (
				898A1E392CC9D8B20059078D /* .gitignore */,
				89B292162A86A7DB00A264E7 /* README.md */,
				89F5C0002A7E8E6100B3EEC7 /* secrets.xcconfig */,
				89F5BFC52A7E89C900B3EEC7 /* CurrywareFFiOS */,
				89F5BFD62A7E89CA00B3EEC7 /* CurrywareFFiOSTests */,
				89F5BFE02A7E89CA00B3EEC7 /* CurrywareFFiOSUITests */,
				89F5BFC42A7E89C900B3EEC7 /* Products */,
			);
			sourceTree = "<group>";
		};
		89F5BFC42A7E89C900B3EEC7 /* Products */ = {
			isa = PBXGroup;
			children = (
				89F5BFC32A7E89C900B3EEC7 /* CurrywareFFiOS.app */,
				89F5BFD32A7E89CA00B3EEC7 /* CurrywareFFiOSTests.xctest */,
				89F5BFDD2A7E89CA00B3EEC7 /* CurrywareFFiOSUITests.xctest */,
			);
			name = Products;
			sourceTree = "<group>";
		};
		89F5BFC52A7E89C900B3EEC7 /* CurrywareFFiOS */ = {
			isa = PBXGroup;
			children = (
				89397C8A2A7F21C6008FC7A9 /* Classes */,
				89F5C0012A7E92EB00B3EEC7 /* Models */,
				897CE7DF2DC275D900380F42 /* ViewModels */,
				89F5BFF02A7E89D700B3EEC7 /* Views */,
				89F5BFC62A7E89C900B3EEC7 /* CurrywareFFiOSApp.swift */,
				89F5BFCA2A7E89CA00B3EEC7 /* Assets.xcassets */,
				89F5BFCC2A7E89CA00B3EEC7 /* Preview Content */,
				8907F2D62DB272E0004001B8 /* CurrywareLaunchScreen.storyboard */,
			);
			path = CurrywareFFiOS;
			sourceTree = "<group>";
		};
		89F5BFCC2A7E89CA00B3EEC7 /* Preview Content */ = {
			isa = PBXGroup;
			children = (
				89F5BFCD2A7E89CA00B3EEC7 /* Preview Assets.xcassets */,
			);
			path = "Preview Content";
			sourceTree = "<group>";
		};
		89F5BFD62A7E89CA00B3EEC7 /* CurrywareFFiOSTests */ = {
			isa = PBXGroup;
			children = (
				89F5BFD72A7E89CA00B3EEC7 /* CurrywareFFiOSTests.swift */,
			);
			path = CurrywareFFiOSTests;
			sourceTree = "<group>";
		};
		89F5BFE02A7E89CA00B3EEC7 /* CurrywareFFiOSUITests */ = {
			isa = PBXGroup;
			children = (
				89F5BFE12A7E89CA00B3EEC7 /* CurrywareFFiOSUITests.swift */,
				89F5BFE32A7E89CA00B3EEC7 /* CurrywareFFiOSUITestsLaunchTests.swift */,
			);
			path = CurrywareFFiOSUITests;
			sourceTree = "<group>";
		};
		89F5BFF02A7E89D700B3EEC7 /* Views */ = {
			isa = PBXGroup;
			children = (
				89F5C0072A7ED3C200B3EEC7 /* LeagueSelectionView.swift */,
				897297452C7E45D8009937DC /* LeagueSettingCardView.swift */,
				8942B1452A83FDC50055993E /* DatabaseAPIView.swift */,
				89F5BFF12A7E89F800B3EEC7 /* LeagueSettingsView.swift */,
				8972974C2C7E47BD009937DC /* InitialContent.swift */,
				893F714A2CC481CF006DCF28 /* WeatherView.swift */,
				8980528F2DB9113B00CF1C54 /* LeagueSelectorView.swift */,
			);
			path = Views;
			sourceTree = "<group>";
		};
		89F5C0012A7E92EB00B3EEC7 /* Models */ = {
			isa = PBXGroup;
			children = (
				8934A8452A827EDD00467E8D /* League */,
				8934A8442A827ED000467E8D /* Database */,
			);
			path = Models;
			sourceTree = "<group>";
		};
/* End PBXGroup section */

/* Begin PBXNativeTarget section */
		89F5BFC22A7E89C900B3EEC7 /* CurrywareFFiOS */ = {
			isa = PBXNativeTarget;
			buildConfigurationList = 89F5BFE72A7E89CA00B3EEC7 /* Build configuration list for PBXNativeTarget "CurrywareFFiOS" */;
			buildPhases = (
				89F5BFBF2A7E89C900B3EEC7 /* Sources */,
				89F5BFC02A7E89C900B3EEC7 /* Frameworks */,
				89F5BFC12A7E89C900B3EEC7 /* Resources */,
			);
			buildRules = (
			);
			dependencies = (
			);
			name = CurrywareFFiOS;
			packageProductDependencies = (
				8934A84B2A82931200467E8D /* DatadogCore */,
				8934A84D2A82931200467E8D /* DatadogCrashReporting */,
				8934A84F2A82931200467E8D /* DatadogLogs */,
				8934A8512A82931200467E8D /* DatadogRUM */,
				8934A8532A82931200467E8D /* DatadogSessionReplay */,
				8934A8552A82931200467E8D /* DatadogTrace */,
				8934A8572A82931200467E8D /* DatadogWebViewTracking */,
			);
			productName = CurrywareFFiOS;
			productReference = 89F5BFC32A7E89C900B3EEC7 /* CurrywareFFiOS.app */;
			productType = "com.apple.product-type.application";
		};
		89F5BFD22A7E89CA00B3EEC7 /* CurrywareFFiOSTests */ = {
			isa = PBXNativeTarget;
			buildConfigurationList = 89F5BFEA2A7E89CA00B3EEC7 /* Build configuration list for PBXNativeTarget "CurrywareFFiOSTests" */;
			buildPhases = (
				89F5BFCF2A7E89CA00B3EEC7 /* Sources */,
				89F5BFD02A7E89CA00B3EEC7 /* Frameworks */,
				89F5BFD12A7E89CA00B3EEC7 /* Resources */,
			);
			buildRules = (
			);
			dependencies = (
				89F5BFD52A7E89CA00B3EEC7 /* PBXTargetDependency */,
			);
			name = CurrywareFFiOSTests;
			productName = CurrywareFFiOSTests;
			productReference = 89F5BFD32A7E89CA00B3EEC7 /* CurrywareFFiOSTests.xctest */;
			productType = "com.apple.product-type.bundle.unit-test";
		};
		89F5BFDC2A7E89CA00B3EEC7 /* CurrywareFFiOSUITests */ = {
			isa = PBXNativeTarget;
			buildConfigurationList = 89F5BFED2A7E89CA00B3EEC7 /* Build configuration list for PBXNativeTarget "CurrywareFFiOSUITests" */;
			buildPhases = (
				89F5BFD92A7E89CA00B3EEC7 /* Sources */,
				89F5BFDA2A7E89CA00B3EEC7 /* Frameworks */,
				89F5BFDB2A7E89CA00B3EEC7 /* Resources */,
			);
			buildRules = (
			);
			dependencies = (
				89F5BFDF2A7E89CA00B3EEC7 /* PBXTargetDependency */,
			);
			name = CurrywareFFiOSUITests;
			productName = CurrywareFFiOSUITests;
			productReference = 89F5BFDD2A7E89CA00B3EEC7 /* CurrywareFFiOSUITests.xctest */;
			productType = "com.apple.product-type.bundle.ui-testing";
		};
/* End PBXNativeTarget section */

/* Begin PBXProject section */
		89F5BFBB2A7E89C900B3EEC7 /* Project object */ = {
			isa = PBXProject;
			attributes = {
				BuildIndependentTargetsInParallel = 1;
				LastSwiftUpdateCheck = 1430;
				LastUpgradeCheck = 1630;
				TargetAttributes = {
					89F5BFC22A7E89C900B3EEC7 = {
						CreatedOnToolsVersion = 14.3.1;
					};
					89F5BFD22A7E89CA00B3EEC7 = {
						CreatedOnToolsVersion = 14.3.1;
						TestTargetID = 89F5BFC22A7E89C900B3EEC7;
					};
					89F5BFDC2A7E89CA00B3EEC7 = {
						CreatedOnToolsVersion = 14.3.1;
						TestTargetID = 89F5BFC22A7E89C900B3EEC7;
					};
				};
			};
			buildConfigurationList = 89F5BFBE2A7E89C900B3EEC7 /* Build configuration list for PBXProject "CurrywareFFiOS" */;
			developmentRegion = en;
			hasScannedForEncodings = 0;
			knownRegions = (
				en,
				Base,
			);
			mainGroup = 89F5BFBA2A7E89C900B3EEC7;
			packageReferences = (
				8934A84A2A82931200467E8D /* XCRemoteSwiftPackageReference "dd-sdk-ios" */,
			);
			preferredProjectObjectVersion = 77;
			productRefGroup = 89F5BFC42A7E89C900B3EEC7 /* Products */;
			projectDirPath = "";
			projectRoot = "";
			targets = (
				89F5BFC22A7E89C900B3EEC7 /* CurrywareFFiOS */,
				89F5BFD22A7E89CA00B3EEC7 /* CurrywareFFiOSTests */,
				89F5BFDC2A7E89CA00B3EEC7 /* CurrywareFFiOSUITests */,
			);
		};
/* End PBXProject section */

/* Begin PBXResourcesBuildPhase section */
		89F5BFC12A7E89C900B3EEC7 /* Resources */ = {
			isa = PBXResourcesBuildPhase;
			buildActionMask = 2147483647;
			files = (
				89F5BFCE2A7E89CA00B3EEC7 /* Preview Assets.xcassets in Resources */,
				8907F2D72DB272E0004001B8 /* CurrywareLaunchScreen.storyboard in Resources */,
				89F5BFCB2A7E89CA00B3EEC7 /* Assets.xcassets in Resources */,
			);
			runOnlyForDeploymentPostprocessing = 0;
		};
		89F5BFD12A7E89CA00B3EEC7 /* Resources */ = {
			isa = PBXResourcesBuildPhase;
			buildActionMask = 2147483647;
			files = (
			);
			runOnlyForDeploymentPostprocessing = 0;
		};
		89F5BFDB2A7E89CA00B3EEC7 /* Resources */ = {
			isa = PBXResourcesBuildPhase;
			buildActionMask = 2147483647;
			files = (
			);
			runOnlyForDeploymentPostprocessing = 0;
		};
/* End PBXResourcesBuildPhase section */

/* Begin PBXSourcesBuildPhase section */
		89F5BFBF2A7E89C900B3EEC7 /* Sources */ = {
			isa = PBXSourcesBuildPhase;
			buildActionMask = 2147483647;
			files = (
				89397C8E2A7F2648008FC7A9 /* DatadogRumHandler.swift in Sources */,
				89F5C0082A7ED3C200B3EEC7 /* LeagueSelectionView.swift in Sources */,
				89F5C0052A7E9BB700B3EEC7 /* LeagueSettingCardView.swift in Sources */,
				89F5010F2A7FC42B00887D92 /* AppDelegate.swift in Sources */,
				89A7EBEC2A83D54000A04B07 /* LoggingHandler.swift in Sources */,
				8972974D2C7E47BD009937DC /* InitialContent.swift in Sources */,
				8934A85A2A82FE8800467E8D /* SalesTaxEntry.swift in Sources */,
				893F714D2CC4834E006DCF28 /* WeatherHandler.swift in Sources */,
				893F714B2CC481CF006DCF28 /* WeatherView.swift in Sources */,
				8967A84F2A81AF510088F42E /* DatabaseAPIHandler.swift in Sources */,
				89F5BFF22A7E89F800B3EEC7 /* LeagueSettingsView.swift in Sources */,
				89F5C00A2A7ED42A00B3EEC7 /* LeaguesList.swift in Sources */,
				8934A8492A82824100467E8D /* SalesTaxListObservable.swift in Sources */,
				89F5BFC72A7E89C900B3EEC7 /* CurrywareFFiOSApp.swift in Sources */,
				897CE7E02DC275D900380F42 /* GameInfoViewModel.swift in Sources */,
				8907F2D92DB278B0004001B8 /* GameInfo.swift in Sources */,
				89F5C0032A7E931200B3EEC7 /* LeagueSetting.swift in Sources */,
				89397C8C2A7F21E9008FC7A9 /* BundleHandler.swift in Sources */,
				8934A8432A826B4600467E8D /* LeagueSettingList.swift in Sources */,
				8934A85C2A83039D00467E8D /* SalesTaxList.swift in Sources */,
				8934A8472A827F1200467E8D /* SaleTaxEntryIdentifiable.swift in Sources */,
				898052902DB9113B00CF1C54 /* LeagueSelectorView.swift in Sources */,
				8942B1462A83FDC50055993E /* DatabaseAPIView.swift in Sources */,
			);
			runOnlyForDeploymentPostprocessing = 0;
		};
		89F5BFCF2A7E89CA00B3EEC7 /* Sources */ = {
			isa = PBXSourcesBuildPhase;
			buildActionMask = 2147483647;
			files = (
				89F5BFD82A7E89CA00B3EEC7 /* CurrywareFFiOSTests.swift in Sources */,
			);
			runOnlyForDeploymentPostprocessing = 0;
		};
		89F5BFD92A7E89CA00B3EEC7 /* Sources */ = {
			isa = PBXSourcesBuildPhase;
			buildActionMask = 2147483647;
			files = (
				89F5BFE22A7E89CA00B3EEC7 /* CurrywareFFiOSUITests.swift in Sources */,
				89F5BFE42A7E89CA00B3EEC7 /* CurrywareFFiOSUITestsLaunchTests.swift in Sources */,
			);
			runOnlyForDeploymentPostprocessing = 0;
		};
/* End PBXSourcesBuildPhase section */

/* Begin PBXTargetDependency section */
		89F5BFD52A7E89CA00B3EEC7 /* PBXTargetDependency */ = {
			isa = PBXTargetDependency;
			target = 89F5BFC22A7E89C900B3EEC7 /* CurrywareFFiOS */;
			targetProxy = 89F5BFD42A7E89CA00B3EEC7 /* PBXContainerItemProxy */;
		};
		89F5BFDF2A7E89CA00B3EEC7 /* PBXTargetDependency */ = {
			isa = PBXTargetDependency;
			target = 89F5BFC22A7E89C900B3EEC7 /* CurrywareFFiOS */;
			targetProxy = 89F5BFDE2A7E89CA00B3EEC7 /* PBXContainerItemProxy */;
		};
/* End PBXTargetDependency section */

/* Begin XCBuildConfiguration section */
		89F5BFE52A7E89CA00B3EEC7 /* Debug */ = {
			isa = XCBuildConfiguration;
			buildSettings = {
				ALWAYS_SEARCH_USER_PATHS = NO;
				CLANG_ANALYZER_NONNULL = YES;
				CLANG_ANALYZER_NUMBER_OBJECT_CONVERSION = YES_AGGRESSIVE;
				CLANG_CXX_LANGUAGE_STANDARD = "gnu++20";
				CLANG_ENABLE_MODULES = YES;
				CLANG_ENABLE_OBJC_ARC = YES;
				CLANG_ENABLE_OBJC_WEAK = YES;
				CLANG_WARN_BLOCK_CAPTURE_AUTORELEASING = YES;
				CLANG_WARN_BOOL_CONVERSION = YES;
				CLANG_WARN_COMMA = YES;
				CLANG_WARN_CONSTANT_CONVERSION = YES;
				CLANG_WARN_DEPRECATED_OBJC_IMPLEMENTATIONS = YES;
				CLANG_WARN_DIRECT_OBJC_ISA_USAGE = YES_ERROR;
				CLANG_WARN_DOCUMENTATION_COMMENTS = YES;
				CLANG_WARN_EMPTY_BODY = YES;
				CLANG_WARN_ENUM_CONVERSION = YES;
				CLANG_WARN_INFINITE_RECURSION = YES;
				CLANG_WARN_INT_CONVERSION = YES;
				CLANG_WARN_NON_LITERAL_NULL_CONVERSION = YES;
				CLANG_WARN_OBJC_IMPLICIT_RETAIN_SELF = YES;
				CLANG_WARN_OBJC_LITERAL_CONVERSION = YES;
				CLANG_WARN_OBJC_ROOT_CLASS = YES_ERROR;
				CLANG_WARN_QUOTED_INCLUDE_IN_FRAMEWORK_HEADER = YES;
				CLANG_WARN_RANGE_LOOP_ANALYSIS = YES;
				CLANG_WARN_STRICT_PROTOTYPES = YES;
				CLANG_WARN_SUSPICIOUS_MOVE = YES;
				CLANG_WARN_UNGUARDED_AVAILABILITY = YES_AGGRESSIVE;
				CLANG_WARN_UNREACHABLE_CODE = YES;
				CLANG_WARN__DUPLICATE_METHOD_MATCH = YES;
				COPY_PHASE_STRIP = NO;
				DEBUG_INFORMATION_FORMAT = dwarf;
				DEVELOPMENT_TEAM = D8MTP98QK2;
				ENABLE_STRICT_OBJC_MSGSEND = YES;
				ENABLE_TESTABILITY = YES;
				ENABLE_USER_SCRIPT_SANDBOXING = YES;
				GCC_C_LANGUAGE_STANDARD = gnu11;
				GCC_DYNAMIC_NO_PIC = NO;
				GCC_NO_COMMON_BLOCKS = YES;
				GCC_OPTIMIZATION_LEVEL = 0;
				GCC_PREPROCESSOR_DEFINITIONS = (
					"DEBUG=1",
					"$(inherited)",
				);
				GCC_WARN_64_TO_32_BIT_CONVERSION = YES;
				GCC_WARN_ABOUT_RETURN_TYPE = YES_ERROR;
				GCC_WARN_UNDECLARED_SELECTOR = YES;
				GCC_WARN_UNINITIALIZED_AUTOS = YES_AGGRESSIVE;
				GCC_WARN_UNUSED_FUNCTION = YES;
				GCC_WARN_UNUSED_VARIABLE = YES;
				IPHONEOS_DEPLOYMENT_TARGET = 17.2;
				MTL_ENABLE_DEBUG_INFO = INCLUDE_SOURCE;
				MTL_FAST_MATH = YES;
				ONLY_ACTIVE_ARCH = YES;
				SDKROOT = iphoneos;
				SWIFT_ACTIVE_COMPILATION_CONDITIONS = DEBUG;
				SWIFT_OPTIMIZATION_LEVEL = "-Onone";
			};
			name = Debug;
		};
		89F5BFE62A7E89CA00B3EEC7 /* Release */ = {
			isa = XCBuildConfiguration;
			buildSettings = {
				ALWAYS_SEARCH_USER_PATHS = NO;
				CLANG_ANALYZER_NONNULL = YES;
				CLANG_ANALYZER_NUMBER_OBJECT_CONVERSION = YES_AGGRESSIVE;
				CLANG_CXX_LANGUAGE_STANDARD = "gnu++20";
				CLANG_ENABLE_MODULES = YES;
				CLANG_ENABLE_OBJC_ARC = YES;
				CLANG_ENABLE_OBJC_WEAK = YES;
				CLANG_WARN_BLOCK_CAPTURE_AUTORELEASING = YES;
				CLANG_WARN_BOOL_CONVERSION = YES;
				CLANG_WARN_COMMA = YES;
				CLANG_WARN_CONSTANT_CONVERSION = YES;
				CLANG_WARN_DEPRECATED_OBJC_IMPLEMENTATIONS = YES;
				CLANG_WARN_DIRECT_OBJC_ISA_USAGE = YES_ERROR;
				CLANG_WARN_DOCUMENTATION_COMMENTS = YES;
				CLANG_WARN_EMPTY_BODY = YES;
				CLANG_WARN_ENUM_CONVERSION = YES;
				CLANG_WARN_INFINITE_RECURSION = YES;
				CLANG_WARN_INT_CONVERSION = YES;
				CLANG_WARN_NON_LITERAL_NULL_CONVERSION = YES;
				CLANG_WARN_OBJC_IMPLICIT_RETAIN_SELF = YES;
				CLANG_WARN_OBJC_LITERAL_CONVERSION = YES;
				CLANG_WARN_OBJC_ROOT_CLASS = YES_ERROR;
				CLANG_WARN_QUOTED_INCLUDE_IN_FRAMEWORK_HEADER = YES;
				CLANG_WARN_RANGE_LOOP_ANALYSIS = YES;
				CLANG_WARN_STRICT_PROTOTYPES = YES;
				CLANG_WARN_SUSPICIOUS_MOVE = YES;
				CLANG_WARN_UNGUARDED_AVAILABILITY = YES_AGGRESSIVE;
				CLANG_WARN_UNREACHABLE_CODE = YES;
				CLANG_WARN__DUPLICATE_METHOD_MATCH = YES;
				COPY_PHASE_STRIP = NO;
				DEBUG_INFORMATION_FORMAT = "dwarf-with-dsym";
				DEVELOPMENT_TEAM = D8MTP98QK2;
				ENABLE_NS_ASSERTIONS = NO;
				ENABLE_STRICT_OBJC_MSGSEND = YES;
				ENABLE_USER_SCRIPT_SANDBOXING = YES;
				GCC_C_LANGUAGE_STANDARD = gnu11;
				GCC_NO_COMMON_BLOCKS = YES;
				GCC_WARN_64_TO_32_BIT_CONVERSION = YES;
				GCC_WARN_ABOUT_RETURN_TYPE = YES_ERROR;
				GCC_WARN_UNDECLARED_SELECTOR = YES;
				GCC_WARN_UNINITIALIZED_AUTOS = YES_AGGRESSIVE;
				GCC_WARN_UNUSED_FUNCTION = YES;
				GCC_WARN_UNUSED_VARIABLE = YES;
				IPHONEOS_DEPLOYMENT_TARGET = 17.2;
				MTL_ENABLE_DEBUG_INFO = NO;
				MTL_FAST_MATH = YES;
				SDKROOT = iphoneos;
				SWIFT_COMPILATION_MODE = wholemodule;
				SWIFT_OPTIMIZATION_LEVEL = "-O";
				VALIDATE_PRODUCT = YES;
			};
			name = Release;
		};
		89F5BFE82A7E89CA00B3EEC7 /* Debug */ = {
			isa = XCBuildConfiguration;
			baseConfigurationReference = 89F5C0002A7E8E6100B3EEC7 /* secrets.xcconfig */;
			buildSettings = {
				ASSETCATALOG_COMPILER_APPICON_NAME = AppIcon;
				ASSETCATALOG_COMPILER_GLOBAL_ACCENT_COLOR_NAME = AccentColor;
				ASSETCATALOG_COMPILER_INCLUDE_ALL_APPICON_ASSETS = NO;
				CODE_SIGN_IDENTITY = "Apple Development";
				CODE_SIGN_STYLE = Automatic;
				CURRENT_PROJECT_VERSION = 1;
				DEVELOPMENT_ASSET_PATHS = "\"CurrywareFFiOS/Preview Content\"";
				ENABLE_PREVIEWS = YES;
				GENERATE_INFOPLIST_FILE = YES;
				INFOPLIST_FILE = CurrywareFFiOS/Info.plist;
				INFOPLIST_KEY_CFBundleDisplayName = "Curryware FF";
				INFOPLIST_KEY_NSLocationWhenInUseUsageDescription = "I want to use location when the app is in use.";
				INFOPLIST_KEY_UIApplicationSceneManifest_Generation = YES;
				INFOPLIST_KEY_UIApplicationSupportsIndirectInputEvents = YES;
				INFOPLIST_KEY_UISupportedInterfaceOrientations_iPad = "UIInterfaceOrientationPortrait UIInterfaceOrientationPortraitUpsideDown UIInterfaceOrientationLandscapeLeft UIInterfaceOrientationLandscapeRight";
				INFOPLIST_KEY_UISupportedInterfaceOrientations_iPhone = "UIInterfaceOrientationPortrait UIInterfaceOrientationLandscapeLeft UIInterfaceOrientationLandscapeRight";
				IPHONEOS_DEPLOYMENT_TARGET = 17.6;
				LD_RUNPATH_SEARCH_PATHS = (
					"$(inherited)",
					"@executable_path/Frameworks",
				);
				MARKETING_VERSION = 1.0;
				PRODUCT_BUNDLE_IDENTIFIER = org.curryware.CurrywareFFiOS;
				PRODUCT_NAME = "$(TARGET_NAME)";
				PROVISIONING_PROFILE_SPECIFIER = "";
				SWIFT_EMIT_LOC_STRINGS = YES;
				SWIFT_VERSION = 6.0;
				TARGETED_DEVICE_FAMILY = "1,2";
			};
			name = Debug;
		};
		89F5BFE92A7E89CA00B3EEC7 /* Release */ = {
			isa = XCBuildConfiguration;
			baseConfigurationReference = 89F5C0002A7E8E6100B3EEC7 /* secrets.xcconfig */;
			buildSettings = {
				ASSETCATALOG_COMPILER_APPICON_NAME = AppIcon;
				ASSETCATALOG_COMPILER_GLOBAL_ACCENT_COLOR_NAME = AccentColor;
				ASSETCATALOG_COMPILER_INCLUDE_ALL_APPICON_ASSETS = NO;
				CODE_SIGN_IDENTITY = "Apple Development";
				CODE_SIGN_STYLE = Automatic;
				CURRENT_PROJECT_VERSION = 1;
				DEVELOPMENT_ASSET_PATHS = "\"CurrywareFFiOS/Preview Content\"";
				ENABLE_PREVIEWS = YES;
				GENERATE_INFOPLIST_FILE = YES;
				INFOPLIST_FILE = CurrywareFFiOS/Info.plist;
				INFOPLIST_KEY_CFBundleDisplayName = "Curryware FF";
				INFOPLIST_KEY_NSLocationWhenInUseUsageDescription = "I want to use location when the app is in use.";
				INFOPLIST_KEY_UIApplicationSceneManifest_Generation = YES;
				INFOPLIST_KEY_UIApplicationSupportsIndirectInputEvents = YES;
				INFOPLIST_KEY_UISupportedInterfaceOrientations_iPad = "UIInterfaceOrientationPortrait UIInterfaceOrientationPortraitUpsideDown UIInterfaceOrientationLandscapeLeft UIInterfaceOrientationLandscapeRight";
				INFOPLIST_KEY_UISupportedInterfaceOrientations_iPhone = "UIInterfaceOrientationPortrait UIInterfaceOrientationLandscapeLeft UIInterfaceOrientationLandscapeRight";
				IPHONEOS_DEPLOYMENT_TARGET = 17.6;
				LD_RUNPATH_SEARCH_PATHS = (
					"$(inherited)",
					"@executable_path/Frameworks",
				);
				MARKETING_VERSION = 1.0;
				PRODUCT_BUNDLE_IDENTIFIER = org.curryware.CurrywareFFiOS;
				PRODUCT_NAME = "$(TARGET_NAME)";
				PROVISIONING_PROFILE_SPECIFIER = "";
				SWIFT_EMIT_LOC_STRINGS = YES;
				SWIFT_VERSION = 6.0;
				TARGETED_DEVICE_FAMILY = "1,2";
			};
			name = Release;
		};
		89F5BFEB2A7E89CA00B3EEC7 /* Debug */ = {
			isa = XCBuildConfiguration;
			buildSettings = {
				BUNDLE_LOADER = "$(TEST_HOST)";
				CODE_SIGN_STYLE = Automatic;
				CURRENT_PROJECT_VERSION = 1;
				GENERATE_INFOPLIST_FILE = YES;
				IPHONEOS_DEPLOYMENT_TARGET = 16.4;
				MARKETING_VERSION = 1.0;
				PRODUCT_BUNDLE_IDENTIFIER = org.curryware.CurrywareFFiOSTests;
				PRODUCT_NAME = "$(TARGET_NAME)";
				SWIFT_EMIT_LOC_STRINGS = NO;
				SWIFT_VERSION = 5.0;
				TARGETED_DEVICE_FAMILY = "1,2";
				TEST_HOST = "$(BUILT_PRODUCTS_DIR)/CurrywareFFiOS.app/$(BUNDLE_EXECUTABLE_FOLDER_PATH)/CurrywareFFiOS";
			};
			name = Debug;
		};
		89F5BFEC2A7E89CA00B3EEC7 /* Release */ = {
			isa = XCBuildConfiguration;
			buildSettings = {
				BUNDLE_LOADER = "$(TEST_HOST)";
				CODE_SIGN_STYLE = Automatic;
				CURRENT_PROJECT_VERSION = 1;
				GENERATE_INFOPLIST_FILE = YES;
				IPHONEOS_DEPLOYMENT_TARGET = 16.4;
				MARKETING_VERSION = 1.0;
				PRODUCT_BUNDLE_IDENTIFIER = org.curryware.CurrywareFFiOSTests;
				PRODUCT_NAME = "$(TARGET_NAME)";
				SWIFT_EMIT_LOC_STRINGS = NO;
				SWIFT_VERSION = 5.0;
				TARGETED_DEVICE_FAMILY = "1,2";
				TEST_HOST = "$(BUILT_PRODUCTS_DIR)/CurrywareFFiOS.app/$(BUNDLE_EXECUTABLE_FOLDER_PATH)/CurrywareFFiOS";
			};
			name = Release;
		};
		89F5BFEE2A7E89CA00B3EEC7 /* Debug */ = {
			isa = XCBuildConfiguration;
			buildSettings = {
				CODE_SIGN_STYLE = Automatic;
				CURRENT_PROJECT_VERSION = 1;
				GENERATE_INFOPLIST_FILE = YES;
				MARKETING_VERSION = 1.0;
				PRODUCT_BUNDLE_IDENTIFIER = org.curryware.CurrywareFFiOSUITests;
				PRODUCT_NAME = "$(TARGET_NAME)";
				SWIFT_EMIT_LOC_STRINGS = NO;
				SWIFT_VERSION = 5.0;
				TARGETED_DEVICE_FAMILY = "1,2";
				TEST_TARGET_NAME = CurrywareFFiOS;
			};
			name = Debug;
		};
		89F5BFEF2A7E89CA00B3EEC7 /* Release */ = {
			isa = XCBuildConfiguration;
			buildSettings = {
				CODE_SIGN_STYLE = Automatic;
				CURRENT_PROJECT_VERSION = 1;
				GENERATE_INFOPLIST_FILE = YES;
				MARKETING_VERSION = 1.0;
				PRODUCT_BUNDLE_IDENTIFIER = org.curryware.CurrywareFFiOSUITests;
				PRODUCT_NAME = "$(TARGET_NAME)";
				SWIFT_EMIT_LOC_STRINGS = NO;
				SWIFT_VERSION = 5.0;
				TARGETED_DEVICE_FAMILY = "1,2";
				TEST_TARGET_NAME = CurrywareFFiOS;
			};
			name = Release;
		};
/* End XCBuildConfiguration section */

/* Begin XCConfigurationList section */
		89F5BFBE2A7E89C900B3EEC7 /* Build configuration list for PBXProject "CurrywareFFiOS" */ = {
			isa = XCConfigurationList;
			buildConfigurations = (
				89F5BFE52A7E89CA00B3EEC7 /* Debug */,
				89F5BFE62A7E89CA00B3EEC7 /* Release */,
			);
			defaultConfigurationIsVisible = 0;
			defaultConfigurationName = Debug;
		};
		89F5BFE72A7E89CA00B3EEC7 /* Build configuration list for PBXNativeTarget "CurrywareFFiOS" */ = {
			isa = XCConfigurationList;
			buildConfigurations = (
				89F5BFE82A7E89CA00B3EEC7 /* Debug */,
				89F5BFE92A7E89CA00B3EEC7 /* Release */,
			);
			defaultConfigurationIsVisible = 0;
			defaultConfigurationName = Debug;
		};
		89F5BFEA2A7E89CA00B3EEC7 /* Build configuration list for PBXNativeTarget "CurrywareFFiOSTests" */ = {
			isa = XCConfigurationList;
			buildConfigurations = (
				89F5BFEB2A7E89CA00B3EEC7 /* Debug */,
				89F5BFEC2A7E89CA00B3EEC7 /* Release */,
			);
			defaultConfigurationIsVisible = 0;
			defaultConfigurationName = Debug;
		};
		89F5BFED2A7E89CA00B3EEC7 /* Build configuration list for PBXNativeTarget "CurrywareFFiOSUITests" */ = {
			isa = XCConfigurationList;
			buildConfigurations = (
				89F5BFEE2A7E89CA00B3EEC7 /* Debug */,
				89F5BFEF2A7E89CA00B3EEC7 /* Release */,
			);
			defaultConfigurationIsVisible = 0;
			defaultConfigurationName = Debug;
		};
/* End XCConfigurationList section */

/* Begin XCRemoteSwiftPackageReference section */
		8934A84A2A82931200467E8D /* XCRemoteSwiftPackageReference "dd-sdk-ios" */ = {
			isa = XCRemoteSwiftPackageReference;
			repositoryURL = "https://github.com/Datadog/dd-sdk-ios.git";
			requirement = {
				kind = upToNextMajorVersion;
				minimumVersion = 2.0.0;
			};
		};
/* End XCRemoteSwiftPackageReference section */

/* Begin XCSwiftPackageProductDependency section */
		8934A84B2A82931200467E8D /* DatadogCore */ = {
			isa = XCSwiftPackageProductDependency;
			package = 8934A84A2A82931200467E8D /* XCRemoteSwiftPackageReference "dd-sdk-ios" */;
			productName = DatadogCore;
		};
		8934A84D2A82931200467E8D /* DatadogCrashReporting */ = {
			isa = XCSwiftPackageProductDependency;
			package = 8934A84A2A82931200467E8D /* XCRemoteSwiftPackageReference "dd-sdk-ios" */;
			productName = DatadogCrashReporting;
		};
		8934A84F2A82931200467E8D /* DatadogLogs */ = {
			isa = XCSwiftPackageProductDependency;
			package = 8934A84A2A82931200467E8D /* XCRemoteSwiftPackageReference "dd-sdk-ios" */;
			productName = DatadogLogs;
		};
		8934A8512A82931200467E8D /* DatadogRUM */ = {
			isa = XCSwiftPackageProductDependency;
			package = 8934A84A2A82931200467E8D /* XCRemoteSwiftPackageReference "dd-sdk-ios" */;
			productName = DatadogRUM;
		};
		8934A8532A82931200467E8D /* DatadogSessionReplay */ = {
			isa = XCSwiftPackageProductDependency;
			package = 8934A84A2A82931200467E8D /* XCRemoteSwiftPackageReference "dd-sdk-ios" */;
			productName = DatadogSessionReplay;
		};
		8934A8552A82931200467E8D /* DatadogTrace */ = {
			isa = XCSwiftPackageProductDependency;
			package = 8934A84A2A82931200467E8D /* XCRemoteSwiftPackageReference "dd-sdk-ios" */;
			productName = DatadogTrace;
		};
		8934A8572A82931200467E8D /* DatadogWebViewTracking */ = {
			isa = XCSwiftPackageProductDependency;
			package = 8934A84A2A82931200467E8D /* XCRemoteSwiftPackageReference "dd-sdk-ios" */;
			productName = DatadogWebViewTracking;
		};
/* End XCSwiftPackageProductDependency section */
	};
	rootObject = 89F5BFBB2A7E89C900B3EEC7 /* Project object */;
}
